PODS:
  - Alamofire (5.2.2)
  - Cache (5.3.0)
  - Imaginary (4.3.1):
    - Cache (~> 5.3.0)
  - Kingfisher (5.15.0):
    - Kingfisher/Core (= 5.15.0)
  - Kingfisher/Core (5.15.0)
  - Lightbox (2.4.2):
    - Imaginary (~> 4.3.1)
  - Moya (14.0.0):
    - Moya/Core (= 14.0.0)
  - Moya/Core (14.0.0):
    - Alamofire (~> 5.0)
  - SVProgressHUD (2.2.5)

DEPENDENCIES:
  - Kingfisher (= 5.15.0)
  - Lightbox (= 2.4.2)
  - Moya (= 14.0.0)
  - SVProgressHUD (= 2.2.5)

SPEC REPOS:
  trunk:
    - Alamofire
    - Cache
    - Imaginary
    - Kingfisher
    - Lightbox
    - Moya
    - SVProgressHUD

SPEC CHECKSUMS:
  Alamofire: 814429acc853c6c54ff123fc3d2ef66803823ce0
  Cache: 48762993ec44e1d93483c4d4a13edd18452326f4
  Imaginary: 18c5bba364229eef383b925199db442e71d175e1
  Kingfisher: 1acb67597a520c2d0310677e66d6e0af455ef757
  Lightbox: 8837c35c1150fa0410d94296e369b432d37f18c7
  Moya: 5b45dacb75adb009f97fde91c204c1e565d31916
  SVProgressHUD: 1428aafac632c1f86f62aa4243ec12008d7a51d6

PODFILE CHECKSUM: ba1dcebeb73250248e481bfaa135eca2d2ab273d

COCOAPODS: 1.9.1
